
Microsoft Visual Studio Solution File, Format Version 12.00
# Visual Studio Version 17
VisualStudioVersion = 17.4.33205.214
MinimumVisualStudioVersion = 10.0.40219.1
Project("{FAE04EC0-301F-11D3-BF4B-00C04F79EFBC}") = "SupermarketTuto1", "SupermarketTuto1.csproj", "{E3F08BA0-19F3-4CCF-9817-9B4FC5CC8554}"
EndProject
Global
	GlobalSection(SolutionConfigurationPlatforms) = preSolution
		Debug|Any CPU = Debug|Any CPU
		Release|Any CPU = Release|Any CPU
	EndGlobalSection
	GlobalSection(ProjectConfigurationPlatforms) = postSolution
		{E3F08BA0-19F3-4CCF-9817-9B4FC5CC8554}.Debug|Any CPU.ActiveCfg = Debug|Any CPU
		{E3F08BA0-19F3-4CCF-9817-9B4FC5CC8554}.Debug|Any CPU.Build.0 = Debug|Any CPU
		{E3F08BA0-19F3-4CCF-9817-9B4FC5CC8554}.Release|Any CPU.ActiveCfg = Release|Any CPU
		{E3F08BA0-19F3-4CCF-9817-9B4FC5CC8554}.Release|Any CPU.Build.0 = Release|Any CPU
	EndGlobalSection
	GlobalSection(SolutionProperties) = preSolution
		HideSolutionNode = FALSE
	EndGlobalSection
	GlobalSection(ExtensibilityGlobals) = postSolution
		SolutionGuid = {A9F517F0-68A9-4DA7-A73B-A2BE7471557C}
	EndGlobalSection
EndGlobal
